// !$*UTF8*$!
{
	archiveVersion = 1;
	classes = {
	};
	objectVersion = 56;
	objects = {

/* Begin PBXBuildFile section */
		AF5B1B2B2C3AEF3700E5C4A5 /* ThreadsApp.swift in Sources */ = {isa = PBXBuildFile; fileRef = AF5B1B2A2C3AEF3700E5C4A5 /* ThreadsApp.swift */; };
		AF5B1B2D2C3AEF3700E5C4A5 /* ContentView.swift in Sources */ = {isa = PBXBuildFile; fileRef = AF5B1B2C2C3AEF3700E5C4A5 /* ContentView.swift */; };
		AF5B1B2F2C3AEF3900E5C4A5 /* Assets.xcassets in Resources */ = {isa = PBXBuildFile; fileRef = AF5B1B2E2C3AEF3900E5C4A5 /* Assets.xcassets */; };
		AF5B1B322C3AEF3900E5C4A5 /* Preview Assets.xcassets in Resources */ = {isa = PBXBuildFile; fileRef = AF5B1B312C3AEF3900E5C4A5 /* Preview Assets.xcassets */; };
		AF897B742C3AF9B700C9203F /* LoginView.swift in Sources */ = {isa = PBXBuildFile; fileRef = AF897B732C3AF9B700C9203F /* LoginView.swift */; };
		AF897B762C3AFD3900C9203F /* RegistrationView.swift in Sources */ = {isa = PBXBuildFile; fileRef = AF897B752C3AFD3900C9203F /* RegistrationView.swift */; };
		AF897B792C3AFE7700C9203F /* ThreadsTextFieldModifier.swift in Sources */ = {isa = PBXBuildFile; fileRef = AF897B782C3AFE7700C9203F /* ThreadsTextFieldModifier.swift */; };
/* End PBXBuildFile section */

/* Begin PBXFileReference section */
		AF5B1B272C3AEF3700E5C4A5 /* Threads.app */ = {isa = PBXFileReference; explicitFileType = wrapper.application; includeInIndex = 0; path = Threads.app; sourceTree = BUILT_PRODUCTS_DIR; };
		AF5B1B2A2C3AEF3700E5C4A5 /* ThreadsApp.swift */ = {isa = PBXFileReference; lastKnownFileType = sourcecode.swift; path = ThreadsApp.swift; sourceTree = "<group>"; };
		AF5B1B2C2C3AEF3700E5C4A5 /* ContentView.swift */ = {isa = PBXFileReference; lastKnownFileType = sourcecode.swift; path = ContentView.swift; sourceTree = "<group>"; };
		AF5B1B2E2C3AEF3900E5C4A5 /* Assets.xcassets */ = {isa = PBXFileReference; lastKnownFileType = folder.assetcatalog; path = Assets.xcassets; sourceTree = "<group>"; };
		AF5B1B312C3AEF3900E5C4A5 /* Preview Assets.xcassets */ = {isa = PBXFileReference; lastKnownFileType = folder.assetcatalog; path = "Preview Assets.xcassets"; sourceTree = "<group>"; };
		AF897B732C3AF9B700C9203F /* LoginView.swift */ = {isa = PBXFileReference; lastKnownFileType = sourcecode.swift; path = LoginView.swift; sourceTree = "<group>"; };
		AF897B752C3AFD3900C9203F /* RegistrationView.swift */ = {isa = PBXFileReference; lastKnownFileType = sourcecode.swift; path = RegistrationView.swift; sourceTree = "<group>"; };
		AF897B782C3AFE7700C9203F /* ThreadsTextFieldModifier.swift */ = {isa = PBXFileReference; lastKnownFileType = sourcecode.swift; path = ThreadsTextFieldModifier.swift; sourceTree = "<group>"; };
/* End PBXFileReference section */

/* Begin PBXFrameworksBuildPhase section */
		AF5B1B242C3AEF3700E5C4A5 /* Frameworks */ = {
			isa = PBXFrameworksBuildPhase;
			buildActionMask = 2147483647;
			files = (
			);
			runOnlyForDeploymentPostprocessing = 0;
		};
/* End PBXFrameworksBuildPhase section */

/* Begin PBXGroup section */
		AF5B1B1E2C3AEF3700E5C4A5 = {
			isa = PBXGroup;
			children = (
				AF5B1B292C3AEF3700E5C4A5 /* Threads */,
				AF5B1B282C3AEF3700E5C4A5 /* Products */,
			);
			sourceTree = "<group>";
		};
		AF5B1B282C3AEF3700E5C4A5 /* Products */ = {
			isa = PBXGroup;
			children = (
				AF5B1B272C3AEF3700E5C4A5 /* Threads.app */,
			);
			name = Products;
			sourceTree = "<group>";
		};
		AF5B1B292C3AEF3700E5C4A5 /* Threads */ = {
			isa = PBXGroup;
			children = (
				AF5B1B3E2C3AF01A00E5C4A5 /* App */,
				AF5B1B3D2C3AF01800E5C4A5 /* Core */,
				AF5B1B3C2C3AF01700E5C4A5 /* Extensions */,
				AF5B1B3B2C3AF01500E5C4A5 /* Models */,
				AF5B1B392C3AF00A00E5C4A5 /* Services */,
				AF5B1B382C3AEFF400E5C4A5 /* Utils */,
				AF5B1B2E2C3AEF3900E5C4A5 /* Assets.xcassets */,
				AF5B1B302C3AEF3900E5C4A5 /* Preview Content */,
			);
			path = Threads;
			sourceTree = "<group>";
		};
		AF5B1B302C3AEF3900E5C4A5 /* Preview Content */ = {
			isa = PBXGroup;
			children = (
				AF5B1B312C3AEF3900E5C4A5 /* Preview Assets.xcassets */,
			);
			path = "Preview Content";
			sourceTree = "<group>";
		};
		AF5B1B382C3AEFF400E5C4A5 /* Utils */ = {
			isa = PBXGroup;
			children = (
				AF897B772C3AFE6500C9203F /* ViewModifiers */,
			);
			path = Utils;
			sourceTree = "<group>";
		};
		AF5B1B392C3AF00A00E5C4A5 /* Services */ = {
			isa = PBXGroup;
			children = (
			);
			path = Services;
			sourceTree = "<group>";
		};
		AF5B1B3B2C3AF01500E5C4A5 /* Models */ = {
			isa = PBXGroup;
			children = (
			);
			path = Models;
			sourceTree = "<group>";
		};
		AF5B1B3C2C3AF01700E5C4A5 /* Extensions */ = {
			isa = PBXGroup;
			children = (
			);
			path = Extensions;
			sourceTree = "<group>";
		};
		AF5B1B3D2C3AF01800E5C4A5 /* Core */ = {
			isa = PBXGroup;
			children = (
				AF5B1B402C3AF05000E5C4A5 /* Root */,
				AF5B1B3F2C3AF04A00E5C4A5 /* Authentication */,
			);
			path = Core;
			sourceTree = "<group>";
		};
		AF5B1B3E2C3AF01A00E5C4A5 /* App */ = {
			isa = PBXGroup;
			children = (
				AF5B1B2A2C3AEF3700E5C4A5 /* ThreadsApp.swift */,
			);
			path = App;
			sourceTree = "<group>";
		};
		AF5B1B3F2C3AF04A00E5C4A5 /* Authentication */ = {
			isa = PBXGroup;
			children = (
				AF5B1B412C3AF06F00E5C4A5 /* Views */,
			);
			path = Authentication;
			sourceTree = "<group>";
		};
		AF5B1B402C3AF05000E5C4A5 /* Root */ = {
			isa = PBXGroup;
			children = (
				AF5B1B2C2C3AEF3700E5C4A5 /* ContentView.swift */,
			);
			path = Root;
			sourceTree = "<group>";
		};
		AF5B1B412C3AF06F00E5C4A5 /* Views */ = {
			isa = PBXGroup;
			children = (
				AF897B732C3AF9B700C9203F /* LoginView.swift */,
				AF897B752C3AFD3900C9203F /* RegistrationView.swift */,
			);
			path = Views;
			sourceTree = "<group>";
		};
		AF897B772C3AFE6500C9203F /* ViewModifiers */ = {
			isa = PBXGroup;
			children = (
				AF897B782C3AFE7700C9203F /* ThreadsTextFieldModifier.swift */,
			);
			path = ViewModifiers;
			sourceTree = "<group>";
		};
/* End PBXGroup section */

/* Begin PBXNativeTarget section */
		AF5B1B262C3AEF3700E5C4A5 /* Threads */ = {
			isa = PBXNativeTarget;
			buildConfigurationList = AF5B1B352C3AEF3900E5C4A5 /* Build configuration list for PBXNativeTarget "Threads" */;
			buildPhases = (
				AF5B1B232C3AEF3700E5C4A5 /* Sources */,
				AF5B1B242C3AEF3700E5C4A5 /* Frameworks */,
				AF5B1B252C3AEF3700E5C4A5 /* Resources */,
			);
			buildRules = (
			);
			dependencies = (
			);
			name = Threads;
			productName = Threads;
			productReference = AF5B1B272C3AEF3700E5C4A5 /* Threads.app */;
			productType = "com.apple.product-type.application";
		};
/* End PBXNativeTarget section */

/* Begin PBXProject section */
		AF5B1B1F2C3AEF3700E5C4A5 /* Project object */ = {
			isa = PBXProject;
			attributes = {
				BuildIndependentTargetsInParallel = 1;
				LastSwiftUpdateCheck = 1540;
				LastUpgradeCheck = 1540;
				TargetAttributes = {
					AF5B1B262C3AEF3700E5C4A5 = {
						CreatedOnToolsVersion = 15.4;
					};
				};
			};
			buildConfigurationList = AF5B1B222C3AEF3700E5C4A5 /* Build configuration list for PBXProject "Threads" */;
			compatibilityVersion = "Xcode 14.0";
			developmentRegion = en;
			hasScannedForEncodings = 0;
			knownRegions = (
				en,
				Base,
			);
			mainGroup = AF5B1B1E2C3AEF3700E5C4A5;
			productRefGroup = AF5B1B282C3AEF3700E5C4A5 /* Products */;
			projectDirPath = "";
			projectRoot = "";
			targets = (
				AF5B1B262C3AEF3700E5C4A5 /* Threads */,
			);
		};
/* End PBXProject section */

/* Begin PBXResourcesBuildPhase section */
		AF5B1B252C3AEF3700E5C4A5 /* Resources */ = {
			isa = PBXResourcesBuildPhase;
			buildActionMask = 2147483647;
			files = (
				AF5B1B322C3AEF3900E5C4A5 /* Preview Assets.xcassets in Resources */,
				AF5B1B2F2C3AEF3900E5C4A5 /* Assets.xcassets in Resources */,
			);
			runOnlyForDeploymentPostprocessing = 0;
		};
/* End PBXResourcesBuildPhase section */

/* Begin PBXSourcesBuildPhase section */
		AF5B1B232C3AEF3700E5C4A5 /* Sources */ = {
			isa = PBXSourcesBuildPhase;
			buildActionMask = 2147483647;
			files = (
				AF897B742C3AF9B700C9203F /* LoginView.swift in Sources */,
				AF5B1B2D2C3AEF3700E5C4A5 /* ContentView.swift in Sources */,
				AF897B792C3AFE7700C9203F /* ThreadsTextFieldModifier.swift in Sources */,
				AF5B1B2B2C3AEF3700E5C4A5 /* ThreadsApp.swift in Sources */,
				AF897B762C3AFD3900C9203F /* RegistrationView.swift in Sources */,
			);
			runOnlyForDeploymentPostprocessing = 0;
		};
/* End PBXSourcesBuildPhase section */

/* Begin XCBuildConfiguration section */
		AF5B1B332C3AEF3900E5C4A5 /* Debug */ = {
			isa = XCBuildConfiguration;
			buildSettings = {
				ALWAYS_SEARCH_USER_PATHS = NO;
				ASSETCATALOG_COMPILER_GENERATE_SWIFT_ASSET_SYMBOL_EXTENSIONS = YES;
				CLANG_ANALYZER_NONNULL = YES;
				CLANG_ANALYZER_NUMBER_OBJECT_CONVERSION = YES_AGGRESSIVE;
				CLANG_CXX_LANGUAGE_STANDARD = "gnu++20";
				CLANG_ENABLE_MODULES = YES;
				CLANG_ENABLE_OBJC_ARC = YES;
				CLANG_ENABLE_OBJC_WEAK = YES;
				CLANG_WARN_BLOCK_CAPTURE_AUTORELEASING = YES;
				CLANG_WARN_BOOL_CONVERSION = YES;
				CLANG_WARN_COMMA = YES;
				CLANG_WARN_CONSTANT_CONVERSION = YES;
				CLANG_WARN_DEPRECATED_OBJC_IMPLEMENTATIONS = YES;
				CLANG_WARN_DIRECT_OBJC_ISA_USAGE = YES_ERROR;
				CLANG_WARN_DOCUMENTATION_COMMENTS = YES;
				CLANG_WARN_EMPTY_BODY = YES;
				CLANG_WARN_ENUM_CONVERSION = YES;
				CLANG_WARN_INFINITE_RECURSION = YES;
				CLANG_WARN_INT_CONVERSION = YES;
				CLANG_WARN_NON_LITERAL_NULL_CONVERSION = YES;
				CLANG_WARN_OBJC_IMPLICIT_RETAIN_SELF = YES;
				CLANG_WARN_OBJC_LITERAL_CONVERSION = YES;
				CLANG_WARN_OBJC_ROOT_CLASS = YES_ERROR;
				CLANG_WARN_QUOTED_INCLUDE_IN_FRAMEWORK_HEADER = YES;
				CLANG_WARN_RANGE_LOOP_ANALYSIS = YES;
				CLANG_WARN_STRICT_PROTOTYPES = YES;
				CLANG_WARN_SUSPICIOUS_MOVE = YES;
				CLANG_WARN_UNGUARDED_AVAILABILITY = YES_AGGRESSIVE;
				CLANG_WARN_UNREACHABLE_CODE = YES;
				CLANG_WARN__DUPLICATE_METHOD_MATCH = YES;
				COPY_PHASE_STRIP = NO;
				DEBUG_INFORMATION_FORMAT = dwarf;
				ENABLE_STRICT_OBJC_MSGSEND = YES;
				ENABLE_TESTABILITY = YES;
				ENABLE_USER_SCRIPT_SANDBOXING = YES;
				GCC_C_LANGUAGE_STANDARD = gnu17;
				GCC_DYNAMIC_NO_PIC = NO;
				GCC_NO_COMMON_BLOCKS = YES;
				GCC_OPTIMIZATION_LEVEL = 0;
				GCC_PREPROCESSOR_DEFINITIONS = (
					"DEBUG=1",
					"$(inherited)",
				);
				GCC_WARN_64_TO_32_BIT_CONVERSION = YES;
				GCC_WARN_ABOUT_RETURN_TYPE = YES_ERROR;
				GCC_WARN_UNDECLARED_SELECTOR = YES;
				GCC_WARN_UNINITIALIZED_AUTOS = YES_AGGRESSIVE;
				GCC_WARN_UNUSED_FUNCTION = YES;
				GCC_WARN_UNUSED_VARIABLE = YES;
				IPHONEOS_DEPLOYMENT_TARGET = 17.5;
				LOCALIZATION_PREFERS_STRING_CATALOGS = YES;
				MTL_ENABLE_DEBUG_INFO = INCLUDE_SOURCE;
				MTL_FAST_MATH = YES;
				ONLY_ACTIVE_ARCH = YES;
				SDKROOT = iphoneos;
				SWIFT_ACTIVE_COMPILATION_CONDITIONS = "DEBUG $(inherited)";
				SWIFT_OPTIMIZATION_LEVEL = "-Onone";
			};
			name = Debug;
		};
		AF5B1B342C3AEF3900E5C4A5 /* Release */ = {
			isa = XCBuildConfiguration;
			buildSettings = {
				ALWAYS_SEARCH_USER_PATHS = NO;
				ASSETCATALOG_COMPILER_GENERATE_SWIFT_ASSET_SYMBOL_EXTENSIONS = YES;
				CLANG_ANALYZER_NONNULL = YES;
				CLANG_ANALYZER_NUMBER_OBJECT_CONVERSION = YES_AGGRESSIVE;
				CLANG_CXX_LANGUAGE_STANDARD = "gnu++20";
				CLANG_ENABLE_MODULES = YES;
				CLANG_ENABLE_OBJC_ARC = YES;
				CLANG_ENABLE_OBJC_WEAK = YES;
				CLANG_WARN_BLOCK_CAPTURE_AUTORELEASING = YES;
				CLANG_WARN_BOOL_CONVERSION = YES;
				CLANG_WARN_COMMA = YES;
				CLANG_WARN_CONSTANT_CONVERSION = YES;
				CLANG_WARN_DEPRECATED_OBJC_IMPLEMENTATIONS = YES;
				CLANG_WARN_DIRECT_OBJC_ISA_USAGE = YES_ERROR;
				CLANG_WARN_DOCUMENTATION_COMMENTS = YES;
				CLANG_WARN_EMPTY_BODY = YES;
				CLANG_WARN_ENUM_CONVERSION = YES;
				CLANG_WARN_INFINITE_RECURSION = YES;
				CLANG_WARN_INT_CONVERSION = YES;
				CLANG_WARN_NON_LITERAL_NULL_CONVERSION = YES;
				CLANG_WARN_OBJC_IMPLICIT_RETAIN_SELF = YES;
				CLANG_WARN_OBJC_LITERAL_CONVERSION = YES;
				CLANG_WARN_OBJC_ROOT_CLASS = YES_ERROR;
				CLANG_WARN_QUOTED_INCLUDE_IN_FRAMEWORK_HEADER = YES;
				CLANG_WARN_RANGE_LOOP_ANALYSIS = YES;
				CLANG_WARN_STRICT_PROTOTYPES = YES;
				CLANG_WARN_SUSPICIOUS_MOVE = YES;
				CLANG_WARN_UNGUARDED_AVAILABILITY = YES_AGGRESSIVE;
				CLANG_WARN_UNREACHABLE_CODE = YES;
				CLANG_WARN__DUPLICATE_METHOD_MATCH = YES;
				COPY_PHASE_STRIP = NO;
				DEBUG_INFORMATION_FORMAT = "dwarf-with-dsym";
				ENABLE_NS_ASSERTIONS = NO;
				ENABLE_STRICT_OBJC_MSGSEND = YES;
				ENABLE_USER_SCRIPT_SANDBOXING = YES;
				GCC_C_LANGUAGE_STANDARD = gnu17;
				GCC_NO_COMMON_BLOCKS = YES;
				GCC_WARN_64_TO_32_BIT_CONVERSION = YES;
				GCC_WARN_ABOUT_RETURN_TYPE = YES_ERROR;
				GCC_WARN_UNDECLARED_SELECTOR = YES;
				GCC_WARN_UNINITIALIZED_AUTOS = YES_AGGRESSIVE;
				GCC_WARN_UNUSED_FUNCTION = YES;
				GCC_WARN_UNUSED_VARIABLE = YES;
				IPHONEOS_DEPLOYMENT_TARGET = 17.5;
				LOCALIZATION_PREFERS_STRING_CATALOGS = YES;
				MTL_ENABLE_DEBUG_INFO = NO;
				MTL_FAST_MATH = YES;
				SDKROOT = iphoneos;
				SWIFT_COMPILATION_MODE = wholemodule;
				VALIDATE_PRODUCT = YES;
			};
			name = Release;
		};
		AF5B1B362C3AEF3900E5C4A5 /* Debug */ = {
			isa = XCBuildConfiguration;
			buildSettings = {
				ASSETCATALOG_COMPILER_APPICON_NAME = AppIcon;
				ASSETCATALOG_COMPILER_GLOBAL_ACCENT_COLOR_NAME = AccentColor;
				CODE_SIGN_STYLE = Automatic;
				CURRENT_PROJECT_VERSION = 1;
				DEVELOPMENT_ASSET_PATHS = "\"Threads/Preview Content\"";
				DEVELOPMENT_TEAM = 6736LJQ283;
				ENABLE_PREVIEWS = YES;
				GENERATE_INFOPLIST_FILE = YES;
				INFOPLIST_KEY_UIApplicationSceneManifest_Generation = YES;
				INFOPLIST_KEY_UIApplicationSupportsIndirectInputEvents = YES;
				INFOPLIST_KEY_UILaunchScreen_Generation = YES;
				INFOPLIST_KEY_UISupportedInterfaceOrientations_iPad = "UIInterfaceOrientationPortrait UIInterfaceOrientationPortraitUpsideDown UIInterfaceOrientationLandscapeLeft UIInterfaceOrientationLandscapeRight";
				INFOPLIST_KEY_UISupportedInterfaceOrientations_iPhone = "UIInterfaceOrientationPortrait UIInterfaceOrientationLandscapeLeft UIInterfaceOrientationLandscapeRight";
				LD_RUNPATH_SEARCH_PATHS = (
					"$(inherited)",
					"@executable_path/Frameworks",
				);
				MARKETING_VERSION = 1.0;
				PRODUCT_BUNDLE_IDENTIFIER = org.1a06e366a2d91fdb.Threads;
				PRODUCT_NAME = "$(TARGET_NAME)";
				SWIFT_EMIT_LOC_STRINGS = YES;
				SWIFT_VERSION = 5.0;
				TARGETED_DEVICE_FAMILY = "1,2";
			};
			name = Debug;
		};
		AF5B1B372C3AEF3900E5C4A5 /* Release */ = {
			isa = XCBuildConfiguration;
			buildSettings = {
				ASSETCATALOG_COMPILER_APPICON_NAME = AppIcon;
				ASSETCATALOG_COMPILER_GLOBAL_ACCENT_COLOR_NAME = AccentColor;
				CODE_SIGN_STYLE = Automatic;
				CURRENT_PROJECT_VERSION = 1;
				DEVELOPMENT_ASSET_PATHS = "\"Threads/Preview Content\"";
				DEVELOPMENT_TEAM = 6736LJQ283;
				ENABLE_PREVIEWS = YES;
				GENERATE_INFOPLIST_FILE = YES;
				INFOPLIST_KEY_UIApplicationSceneManifest_Generation = YES;
				INFOPLIST_KEY_UIApplicationSupportsIndirectInputEvents = YES;
				INFOPLIST_KEY_UILaunchScreen_Generation = YES;
				INFOPLIST_KEY_UISupportedInterfaceOrientations_iPad = "UIInterfaceOrientationPortrait UIInterfaceOrientationPortraitUpsideDown UIInterfaceOrientationLandscapeLeft UIInterfaceOrientationLandscapeRight";
				INFOPLIST_KEY_UISupportedInterfaceOrientations_iPhone = "UIInterfaceOrientationPortrait UIInterfaceOrientationLandscapeLeft UIInterfaceOrientationLandscapeRight";
				LD_RUNPATH_SEARCH_PATHS = (
					"$(inherited)",
					"@executable_path/Frameworks",
				);
				MARKETING_VERSION = 1.0;
				PRODUCT_BUNDLE_IDENTIFIER = org.1a06e366a2d91fdb.Threads;
				PRODUCT_NAME = "$(TARGET_NAME)";
				SWIFT_EMIT_LOC_STRINGS = YES;
				SWIFT_VERSION = 5.0;
				TARGETED_DEVICE_FAMILY = "1,2";
			};
			name = Release;
		};
/* End XCBuildConfiguration section */

/* Begin XCConfigurationList section */
		AF5B1B222C3AEF3700E5C4A5 /* Build configuration list for PBXProject "Threads" */ = {
			isa = XCConfigurationList;
			buildConfigurations = (
				AF5B1B332C3AEF3900E5C4A5 /* Debug */,
				AF5B1B342C3AEF3900E5C4A5 /* Release */,
			);
			defaultConfigurationIsVisible = 0;
			defaultConfigurationName = Release;
		};
		AF5B1B352C3AEF3900E5C4A5 /* Build configuration list for PBXNativeTarget "Threads" */ = {
			isa = XCConfigurationList;
			buildConfigurations = (
				AF5B1B362C3AEF3900E5C4A5 /* Debug */,
				AF5B1B372C3AEF3900E5C4A5 /* Release */,
			);
			defaultConfigurationIsVisible = 0;
			defaultConfigurationName = Release;
		};
/* End XCConfigurationList section */
	};
	rootObject = AF5B1B1F2C3AEF3700E5C4A5 /* Project object */;
}
