// !$*UTF8*$!
{
	archiveVersion = 1;
	classes = {
	};
	objectVersion = 56;
	objects = {

/* Begin PBXBuildFile section */
		AF5B1B2B2C3AEF3700E5C4A5 /* ThreadsApp.swift in Sources */ = {isa = PBXBuildFile; fileRef = AF5B1B2A2C3AEF3700E5C4A5 /* ThreadsApp.swift */; };
		AF5B1B2D2C3AEF3700E5C4A5 /* ContentView.swift in Sources */ = {isa = PBXBuildFile; fileRef = AF5B1B2C2C3AEF3700E5C4A5 /* ContentView.swift */; };
		AF5B1B2F2C3AEF3900E5C4A5 /* Assets.xcassets in Resources */ = {isa = PBXBuildFile; fileRef = AF5B1B2E2C3AEF3900E5C4A5 /* Assets.xcassets */; };
		AF5B1B322C3AEF3900E5C4A5 /* Preview Assets.xcassets in Resources */ = {isa = PBXBuildFile; fileRef = AF5B1B312C3AEF3900E5C4A5 /* Preview Assets.xcassets */; };
		AF897B742C3AF9B700C9203F /* LoginView.swift in Sources */ = {isa = PBXBuildFile; fileRef = AF897B732C3AF9B700C9203F /* LoginView.swift */; };
		AF897B762C3AFD3900C9203F /* RegistrationView.swift in Sources */ = {isa = PBXBuildFile; fileRef = AF897B752C3AFD3900C9203F /* RegistrationView.swift */; };
		AF897B792C3AFE7700C9203F /* ThreadsTextFieldModifier.swift in Sources */ = {isa = PBXBuildFile; fileRef = AF897B782C3AFE7700C9203F /* ThreadsTextFieldModifier.swift */; };
		AF897B7D2C3B000500C9203F /* ThreadsTabView.swift in Sources */ = {isa = PBXBuildFile; fileRef = AF897B7C2C3B000500C9203F /* ThreadsTabView.swift */; };
		AF897B812C3B019100C9203F /* FeedView.swift in Sources */ = {isa = PBXBuildFile; fileRef = AF897B802C3B019100C9203F /* FeedView.swift */; };
		AF897B832C3B01B200C9203F /* ExploreView.swift in Sources */ = {isa = PBXBuildFile; fileRef = AF897B822C3B01B200C9203F /* ExploreView.swift */; };
		AF897B852C3B01F600C9203F /* ThreadCreation.swift in Sources */ = {isa = PBXBuildFile; fileRef = AF897B842C3B01F600C9203F /* ThreadCreation.swift */; };
		AF897B872C3B020C00C9203F /* ActivityView.swift in Sources */ = {isa = PBXBuildFile; fileRef = AF897B862C3B020C00C9203F /* ActivityView.swift */; };
		AF897B8A2C3B023100C9203F /* ProfileView.swift in Sources */ = {isa = PBXBuildFile; fileRef = AF897B892C3B023100C9203F /* ProfileView.swift */; };
		AF897B942C3B03F400C9203F /* ThreadCell.swift in Sources */ = {isa = PBXBuildFile; fileRef = AF897B932C3B03F400C9203F /* ThreadCell.swift */; };
		AF897B972C3C2C3700C9203F /* CircularProfileImageView.swift in Sources */ = {isa = PBXBuildFile; fileRef = AF897B962C3C2C3700C9203F /* CircularProfileImageView.swift */; };
		AF897B9A2C3C2CCF00C9203F /* UserCell.swift in Sources */ = {isa = PBXBuildFile; fileRef = AF897B992C3C2CCF00C9203F /* UserCell.swift */; };
		AF897B9D2C3C2F2700C9203F /* ProfileThreadFilter.swift in Sources */ = {isa = PBXBuildFile; fileRef = AF897B9C2C3C2F2700C9203F /* ProfileThreadFilter.swift */; };
		AF897BA12C3C34E400C9203F /* EditProfileView.swift in Sources */ = {isa = PBXBuildFile; fileRef = AF897BA02C3C34E400C9203F /* EditProfileView.swift */; };
		AF897BA32C3C3DF100C9203F /* GoogleService-Info.plist in Resources */ = {isa = PBXBuildFile; fileRef = AF897BA22C3C3DF100C9203F /* GoogleService-Info.plist */; };
		AF897BA62C3C3F3100C9203F /* FirebaseAuth in Frameworks */ = {isa = PBXBuildFile; productRef = AF897BA52C3C3F3100C9203F /* FirebaseAuth */; };
		AF897BA82C3C3F3100C9203F /* FirebaseFirestore in Frameworks */ = {isa = PBXBuildFile; productRef = AF897BA72C3C3F3100C9203F /* FirebaseFirestore */; };
		AF897BAA2C3C3F3100C9203F /* FirebaseFirestoreSwift in Frameworks */ = {isa = PBXBuildFile; productRef = AF897BA92C3C3F3100C9203F /* FirebaseFirestoreSwift */; };
		AF897BAC2C3C3F3100C9203F /* FirebaseStorage in Frameworks */ = {isa = PBXBuildFile; productRef = AF897BAB2C3C3F3100C9203F /* FirebaseStorage */; };
		AF897BB02C3C422500C9203F /* RegistrationViewModel.swift in Sources */ = {isa = PBXBuildFile; fileRef = AF897BAF2C3C422500C9203F /* RegistrationViewModel.swift */; };
		AF897BB22C3C432000C9203F /* AuthService.swift in Sources */ = {isa = PBXBuildFile; fileRef = AF897BB12C3C432000C9203F /* AuthService.swift */; };
		AF897BB62C3C483A00C9203F /* ContentViewModel.swift in Sources */ = {isa = PBXBuildFile; fileRef = AF897BB52C3C483900C9203F /* ContentViewModel.swift */; };
		AF897BB82C3C4B9500C9203F /* LoginViewModel.swift in Sources */ = {isa = PBXBuildFile; fileRef = AF897BB72C3C4B9500C9203F /* LoginViewModel.swift */; };
		AF897BBA2C3CE7A300C9203F /* User.swift in Sources */ = {isa = PBXBuildFile; fileRef = AF897BB92C3CE7A300C9203F /* User.swift */; };
		AF897BBC2C3CE98800C9203F /* UserService.swift in Sources */ = {isa = PBXBuildFile; fileRef = AF897BBB2C3CE98800C9203F /* UserService.swift */; };
		AF897BBF2C3CEA5B00C9203F /* ProfileViewModel.swift in Sources */ = {isa = PBXBuildFile; fileRef = AF897BBE2C3CEA5B00C9203F /* ProfileViewModel.swift */; };
/* End PBXBuildFile section */

/* Begin PBXFileReference section */
		AF5B1B272C3AEF3700E5C4A5 /* Threads.app */ = {isa = PBXFileReference; explicitFileType = wrapper.application; includeInIndex = 0; path = Threads.app; sourceTree = BUILT_PRODUCTS_DIR; };
		AF5B1B2A2C3AEF3700E5C4A5 /* ThreadsApp.swift */ = {isa = PBXFileReference; lastKnownFileType = sourcecode.swift; path = ThreadsApp.swift; sourceTree = "<group>"; };
		AF5B1B2C2C3AEF3700E5C4A5 /* ContentView.swift */ = {isa = PBXFileReference; lastKnownFileType = sourcecode.swift; path = ContentView.swift; sourceTree = "<group>"; };
		AF5B1B2E2C3AEF3900E5C4A5 /* Assets.xcassets */ = {isa = PBXFileReference; lastKnownFileType = folder.assetcatalog; path = Assets.xcassets; sourceTree = "<group>"; };
		AF5B1B312C3AEF3900E5C4A5 /* Preview Assets.xcassets */ = {isa = PBXFileReference; lastKnownFileType = folder.assetcatalog; path = "Preview Assets.xcassets"; sourceTree = "<group>"; };
		AF897B732C3AF9B700C9203F /* LoginView.swift */ = {isa = PBXFileReference; lastKnownFileType = sourcecode.swift; path = LoginView.swift; sourceTree = "<group>"; };
		AF897B752C3AFD3900C9203F /* RegistrationView.swift */ = {isa = PBXFileReference; lastKnownFileType = sourcecode.swift; path = RegistrationView.swift; sourceTree = "<group>"; };
		AF897B782C3AFE7700C9203F /* ThreadsTextFieldModifier.swift */ = {isa = PBXFileReference; lastKnownFileType = sourcecode.swift; path = ThreadsTextFieldModifier.swift; sourceTree = "<group>"; };
		AF897B7C2C3B000500C9203F /* ThreadsTabView.swift */ = {isa = PBXFileReference; lastKnownFileType = sourcecode.swift; path = ThreadsTabView.swift; sourceTree = "<group>"; };
		AF897B802C3B019100C9203F /* FeedView.swift */ = {isa = PBXFileReference; lastKnownFileType = sourcecode.swift; path = FeedView.swift; sourceTree = "<group>"; };
		AF897B822C3B01B200C9203F /* ExploreView.swift */ = {isa = PBXFileReference; lastKnownFileType = sourcecode.swift; path = ExploreView.swift; sourceTree = "<group>"; };
		AF897B842C3B01F600C9203F /* ThreadCreation.swift */ = {isa = PBXFileReference; lastKnownFileType = sourcecode.swift; path = ThreadCreation.swift; sourceTree = "<group>"; };
		AF897B862C3B020C00C9203F /* ActivityView.swift */ = {isa = PBXFileReference; lastKnownFileType = sourcecode.swift; path = ActivityView.swift; sourceTree = "<group>"; };
		AF897B892C3B023100C9203F /* ProfileView.swift */ = {isa = PBXFileReference; lastKnownFileType = sourcecode.swift; path = ProfileView.swift; sourceTree = "<group>"; };
		AF897B932C3B03F400C9203F /* ThreadCell.swift */ = {isa = PBXFileReference; lastKnownFileType = sourcecode.swift; path = ThreadCell.swift; sourceTree = "<group>"; };
		AF897B962C3C2C3700C9203F /* CircularProfileImageView.swift */ = {isa = PBXFileReference; lastKnownFileType = sourcecode.swift; path = CircularProfileImageView.swift; sourceTree = "<group>"; };
		AF897B992C3C2CCF00C9203F /* UserCell.swift */ = {isa = PBXFileReference; lastKnownFileType = sourcecode.swift; path = UserCell.swift; sourceTree = "<group>"; };
		AF897B9C2C3C2F2700C9203F /* ProfileThreadFilter.swift */ = {isa = PBXFileReference; lastKnownFileType = sourcecode.swift; path = ProfileThreadFilter.swift; sourceTree = "<group>"; };
		AF897BA02C3C34E400C9203F /* EditProfileView.swift */ = {isa = PBXFileReference; lastKnownFileType = sourcecode.swift; path = EditProfileView.swift; sourceTree = "<group>"; };
		AF897BA22C3C3DF100C9203F /* GoogleService-Info.plist */ = {isa = PBXFileReference; fileEncoding = 4; lastKnownFileType = text.plist.xml; path = "GoogleService-Info.plist"; sourceTree = "<group>"; };
		AF897BAF2C3C422500C9203F /* RegistrationViewModel.swift */ = {isa = PBXFileReference; lastKnownFileType = sourcecode.swift; path = RegistrationViewModel.swift; sourceTree = "<group>"; };
		AF897BB12C3C432000C9203F /* AuthService.swift */ = {isa = PBXFileReference; lastKnownFileType = sourcecode.swift; path = AuthService.swift; sourceTree = "<group>"; };
		AF897BB52C3C483900C9203F /* ContentViewModel.swift */ = {isa = PBXFileReference; lastKnownFileType = sourcecode.swift; path = ContentViewModel.swift; sourceTree = "<group>"; };
		AF897BB72C3C4B9500C9203F /* LoginViewModel.swift */ = {isa = PBXFileReference; lastKnownFileType = sourcecode.swift; path = LoginViewModel.swift; sourceTree = "<group>"; };
		AF897BB92C3CE7A300C9203F /* User.swift */ = {isa = PBXFileReference; lastKnownFileType = sourcecode.swift; path = User.swift; sourceTree = "<group>"; };
		AF897BBB2C3CE98800C9203F /* UserService.swift */ = {isa = PBXFileReference; lastKnownFileType = sourcecode.swift; path = UserService.swift; sourceTree = "<group>"; };
		AF897BBE2C3CEA5B00C9203F /* ProfileViewModel.swift */ = {isa = PBXFileReference; lastKnownFileType = sourcecode.swift; path = ProfileViewModel.swift; sourceTree = "<group>"; };
/* End PBXFileReference section */

/* Begin PBXFrameworksBuildPhase section */
		AF5B1B242C3AEF3700E5C4A5 /* Frameworks */ = {
			isa = PBXFrameworksBuildPhase;
			buildActionMask = 2147483647;
			files = (
				AF897BA62C3C3F3100C9203F /* FirebaseAuth in Frameworks */,
				AF897BAC2C3C3F3100C9203F /* FirebaseStorage in Frameworks */,
				AF897BA82C3C3F3100C9203F /* FirebaseFirestore in Frameworks */,
				AF897BAA2C3C3F3100C9203F /* FirebaseFirestoreSwift in Frameworks */,
			);
			runOnlyForDeploymentPostprocessing = 0;
		};
/* End PBXFrameworksBuildPhase section */

/* Begin PBXGroup section */
		AF5B1B1E2C3AEF3700E5C4A5 = {
			isa = PBXGroup;
			children = (
				AF5B1B292C3AEF3700E5C4A5 /* Threads */,
				AF5B1B282C3AEF3700E5C4A5 /* Products */,
			);
			sourceTree = "<group>";
		};
		AF5B1B282C3AEF3700E5C4A5 /* Products */ = {
			isa = PBXGroup;
			children = (
				AF5B1B272C3AEF3700E5C4A5 /* Threads.app */,
			);
			name = Products;
			sourceTree = "<group>";
		};
		AF5B1B292C3AEF3700E5C4A5 /* Threads */ = {
			isa = PBXGroup;
			children = (
				AF5B1B3E2C3AF01A00E5C4A5 /* App */,
				AF5B1B3D2C3AF01800E5C4A5 /* Core */,
				AF5B1B3C2C3AF01700E5C4A5 /* Extensions */,
				AF5B1B3B2C3AF01500E5C4A5 /* Models */,
				AF5B1B392C3AF00A00E5C4A5 /* Services */,
				AF5B1B382C3AEFF400E5C4A5 /* Utils */,
				AF5B1B2E2C3AEF3900E5C4A5 /* Assets.xcassets */,
				AF897BA22C3C3DF100C9203F /* GoogleService-Info.plist */,
				AF5B1B302C3AEF3900E5C4A5 /* Preview Content */,
			);
			path = Threads;
			sourceTree = "<group>";
		};
		AF5B1B302C3AEF3900E5C4A5 /* Preview Content */ = {
			isa = PBXGroup;
			children = (
				AF5B1B312C3AEF3900E5C4A5 /* Preview Assets.xcassets */,
			);
			path = "Preview Content";
			sourceTree = "<group>";
		};
		AF5B1B382C3AEFF400E5C4A5 /* Utils */ = {
			isa = PBXGroup;
			children = (
				AF897B772C3AFE6500C9203F /* ViewModifiers */,
			);
			path = Utils;
			sourceTree = "<group>";
		};
		AF5B1B392C3AF00A00E5C4A5 /* Services */ = {
			isa = PBXGroup;
			children = (
				AF897BBB2C3CE98800C9203F /* UserService.swift */,
			);
			path = Services;
			sourceTree = "<group>";
		};
		AF5B1B3B2C3AF01500E5C4A5 /* Models */ = {
			isa = PBXGroup;
			children = (
				AF897BB92C3CE7A300C9203F /* User.swift */,
			);
			path = Models;
			sourceTree = "<group>";
		};
		AF5B1B3C2C3AF01700E5C4A5 /* Extensions */ = {
			isa = PBXGroup;
			children = (
			);
			path = Extensions;
			sourceTree = "<group>";
		};
		AF5B1B3D2C3AF01800E5C4A5 /* Core */ = {
			isa = PBXGroup;
			children = (
				AF897B8D2C3B025900C9203F /* Activity */,
				AF5B1B3F2C3AF04A00E5C4A5 /* Authentication */,
				AF897B952C3C2C1B00C9203F /* Components */,
				AF897B8B2C3B024E00C9203F /* Explore */,
				AF897B7E2C3B018400C9203F /* Feed */,
				AF897B8E2C3B026100C9203F /* Profile */,
				AF897B8C2C3B025300C9203F /* ThreadCreation */,
				AF5B1B402C3AF05000E5C4A5 /* Root */,
				AF897B7A2C3AFFDA00C9203F /* TabBar */,
			);
			path = Core;
			sourceTree = "<group>";
		};
		AF5B1B3E2C3AF01A00E5C4A5 /* App */ = {
			isa = PBXGroup;
			children = (
				AF5B1B2A2C3AEF3700E5C4A5 /* ThreadsApp.swift */,
			);
			path = App;
			sourceTree = "<group>";
		};
		AF5B1B3F2C3AF04A00E5C4A5 /* Authentication */ = {
			isa = PBXGroup;
			children = (
				AF897BAE2C3C41EB00C9203F /* Service */,
				AF5B1B412C3AF06F00E5C4A5 /* Views */,
				AF897BAD2C3C41E600C9203F /* ViewModel */,
			);
			path = Authentication;
			sourceTree = "<group>";
		};
		AF5B1B402C3AF05000E5C4A5 /* Root */ = {
			isa = PBXGroup;
			children = (
				AF897BB42C3C481900C9203F /* View */,
				AF897BB32C3C481700C9203F /* ViewModel */,
			);
			path = Root;
			sourceTree = "<group>";
		};
		AF5B1B412C3AF06F00E5C4A5 /* Views */ = {
			isa = PBXGroup;
			children = (
				AF897B732C3AF9B700C9203F /* LoginView.swift */,
				AF897B752C3AFD3900C9203F /* RegistrationView.swift */,
			);
			path = Views;
			sourceTree = "<group>";
		};
		AF897B772C3AFE6500C9203F /* ViewModifiers */ = {
			isa = PBXGroup;
			children = (
				AF897B782C3AFE7700C9203F /* ThreadsTextFieldModifier.swift */,
			);
			path = ViewModifiers;
			sourceTree = "<group>";
		};
		AF897B7A2C3AFFDA00C9203F /* TabBar */ = {
			isa = PBXGroup;
			children = (
				AF897B7C2C3B000500C9203F /* ThreadsTabView.swift */,
			);
			path = TabBar;
			sourceTree = "<group>";
		};
		AF897B7E2C3B018400C9203F /* Feed */ = {
			isa = PBXGroup;
			children = (
				AF897B7F2C3B018700C9203F /* View */,
			);
			path = Feed;
			sourceTree = "<group>";
		};
		AF897B7F2C3B018700C9203F /* View */ = {
			isa = PBXGroup;
			children = (
				AF897B802C3B019100C9203F /* FeedView.swift */,
				AF897B932C3B03F400C9203F /* ThreadCell.swift */,
			);
			path = View;
			sourceTree = "<group>";
		};
		AF897B8B2C3B024E00C9203F /* Explore */ = {
			isa = PBXGroup;
			children = (
				AF897B922C3B027200C9203F /* View */,
			);
			path = Explore;
			sourceTree = "<group>";
		};
		AF897B8C2C3B025300C9203F /* ThreadCreation */ = {
			isa = PBXGroup;
			children = (
				AF897B912C3B026F00C9203F /* View */,
			);
			path = ThreadCreation;
			sourceTree = "<group>";
		};
		AF897B8D2C3B025900C9203F /* Activity */ = {
			isa = PBXGroup;
			children = (
				AF897B902C3B026A00C9203F /* View */,
			);
			path = Activity;
			sourceTree = "<group>";
		};
		AF897B8E2C3B026100C9203F /* Profile */ = {
			isa = PBXGroup;
			children = (
				AF897BBD2C3CEA4C00C9203F /* ViewModel */,
				AF897B9E2C3C34C900C9203F /* EditProfile */,
				AF897B9B2C3C2F1A00C9203F /* Model */,
				AF897B8F2C3B026600C9203F /* View */,
			);
			path = Profile;
			sourceTree = "<group>";
		};
		AF897B8F2C3B026600C9203F /* View */ = {
			isa = PBXGroup;
			children = (
				AF897B892C3B023100C9203F /* ProfileView.swift */,
			);
			path = View;
			sourceTree = "<group>";
		};
		AF897B902C3B026A00C9203F /* View */ = {
			isa = PBXGroup;
			children = (
				AF897B862C3B020C00C9203F /* ActivityView.swift */,
			);
			path = View;
			sourceTree = "<group>";
		};
		AF897B912C3B026F00C9203F /* View */ = {
			isa = PBXGroup;
			children = (
				AF897B842C3B01F600C9203F /* ThreadCreation.swift */,
			);
			path = View;
			sourceTree = "<group>";
		};
		AF897B922C3B027200C9203F /* View */ = {
			isa = PBXGroup;
			children = (
				AF897B822C3B01B200C9203F /* ExploreView.swift */,
			);
			path = View;
			sourceTree = "<group>";
		};
		AF897B952C3C2C1B00C9203F /* Components */ = {
			isa = PBXGroup;
			children = (
				AF897B962C3C2C3700C9203F /* CircularProfileImageView.swift */,
				AF897B992C3C2CCF00C9203F /* UserCell.swift */,
			);
			path = Components;
			sourceTree = "<group>";
		};
		AF897B9B2C3C2F1A00C9203F /* Model */ = {
			isa = PBXGroup;
			children = (
				AF897B9C2C3C2F2700C9203F /* ProfileThreadFilter.swift */,
			);
			path = Model;
			sourceTree = "<group>";
		};
		AF897B9E2C3C34C900C9203F /* EditProfile */ = {
			isa = PBXGroup;
			children = (
				AF897B9F2C3C34D800C9203F /* View */,
			);
			path = EditProfile;
			sourceTree = "<group>";
		};
		AF897B9F2C3C34D800C9203F /* View */ = {
			isa = PBXGroup;
			children = (
				AF897BA02C3C34E400C9203F /* EditProfileView.swift */,
			);
			path = View;
			sourceTree = "<group>";
		};
		AF897BAD2C3C41E600C9203F /* ViewModel */ = {
			isa = PBXGroup;
			children = (
				AF897BAF2C3C422500C9203F /* RegistrationViewModel.swift */,
				AF897BB72C3C4B9500C9203F /* LoginViewModel.swift */,
			);
			path = ViewModel;
			sourceTree = "<group>";
		};
		AF897BAE2C3C41EB00C9203F /* Service */ = {
			isa = PBXGroup;
			children = (
				AF897BB12C3C432000C9203F /* AuthService.swift */,
			);
			path = Service;
			sourceTree = "<group>";
		};
		AF897BB32C3C481700C9203F /* ViewModel */ = {
			isa = PBXGroup;
			children = (
				AF897BB52C3C483900C9203F /* ContentViewModel.swift */,
			);
			path = ViewModel;
			sourceTree = "<group>";
		};
		AF897BB42C3C481900C9203F /* View */ = {
			isa = PBXGroup;
			children = (
				AF5B1B2C2C3AEF3700E5C4A5 /* ContentView.swift */,
			);
			path = View;
			sourceTree = "<group>";
		};
		AF897BBD2C3CEA4C00C9203F /* ViewModel */ = {
			isa = PBXGroup;
			children = (
				AF897BBE2C3CEA5B00C9203F /* ProfileViewModel.swift */,
			);
			path = ViewModel;
			sourceTree = "<group>";
		};
/* End PBXGroup section */

/* Begin PBXNativeTarget section */
		AF5B1B262C3AEF3700E5C4A5 /* Threads */ = {
			isa = PBXNativeTarget;
			buildConfigurationList = AF5B1B352C3AEF3900E5C4A5 /* Build configuration list for PBXNativeTarget "Threads" */;
			buildPhases = (
				AF5B1B232C3AEF3700E5C4A5 /* Sources */,
				AF5B1B242C3AEF3700E5C4A5 /* Frameworks */,
				AF5B1B252C3AEF3700E5C4A5 /* Resources */,
			);
			buildRules = (
			);
			dependencies = (
			);
			name = Threads;
			packageProductDependencies = (
				AF897BA52C3C3F3100C9203F /* FirebaseAuth */,
				AF897BA72C3C3F3100C9203F /* FirebaseFirestore */,
				AF897BA92C3C3F3100C9203F /* FirebaseFirestoreSwift */,
				AF897BAB2C3C3F3100C9203F /* FirebaseStorage */,
			);
			productName = Threads;
			productReference = AF5B1B272C3AEF3700E5C4A5 /* Threads.app */;
			productType = "com.apple.product-type.application";
		};
/* End PBXNativeTarget section */

/* Begin PBXProject section */
		AF5B1B1F2C3AEF3700E5C4A5 /* Project object */ = {
			isa = PBXProject;
			attributes = {
				BuildIndependentTargetsInParallel = 1;
				LastSwiftUpdateCheck = 1540;
				LastUpgradeCheck = 1540;
				TargetAttributes = {
					AF5B1B262C3AEF3700E5C4A5 = {
						CreatedOnToolsVersion = 15.4;
					};
				};
			};
			buildConfigurationList = AF5B1B222C3AEF3700E5C4A5 /* Build configuration list for PBXProject "Threads" */;
			compatibilityVersion = "Xcode 14.0";
			developmentRegion = en;
			hasScannedForEncodings = 0;
			knownRegions = (
				en,
				Base,
			);
			mainGroup = AF5B1B1E2C3AEF3700E5C4A5;
			packageReferences = (
				AF897BA42C3C3F3100C9203F /* XCRemoteSwiftPackageReference "firebase-ios-sdk" */,
			);
			productRefGroup = AF5B1B282C3AEF3700E5C4A5 /* Products */;
			projectDirPath = "";
			projectRoot = "";
			targets = (
				AF5B1B262C3AEF3700E5C4A5 /* Threads */,
			);
		};
/* End PBXProject section */

/* Begin PBXResourcesBuildPhase section */
		AF5B1B252C3AEF3700E5C4A5 /* Resources */ = {
			isa = PBXResourcesBuildPhase;
			buildActionMask = 2147483647;
			files = (
				AF5B1B322C3AEF3900E5C4A5 /* Preview Assets.xcassets in Resources */,
				AF5B1B2F2C3AEF3900E5C4A5 /* Assets.xcassets in Resources */,
				AF897BA32C3C3DF100C9203F /* GoogleService-Info.plist in Resources */,
			);
			runOnlyForDeploymentPostprocessing = 0;
		};
/* End PBXResourcesBuildPhase section */

/* Begin PBXSourcesBuildPhase section */
		AF5B1B232C3AEF3700E5C4A5 /* Sources */ = {
			isa = PBXSourcesBuildPhase;
			buildActionMask = 2147483647;
			files = (
				AF897B812C3B019100C9203F /* FeedView.swift in Sources */,
				AF897BB02C3C422500C9203F /* RegistrationViewModel.swift in Sources */,
				AF897B742C3AF9B700C9203F /* LoginView.swift in Sources */,
				AF897BB22C3C432000C9203F /* AuthService.swift in Sources */,
				AF897BA12C3C34E400C9203F /* EditProfileView.swift in Sources */,
				AF5B1B2D2C3AEF3700E5C4A5 /* ContentView.swift in Sources */,
				AF897BBC2C3CE98800C9203F /* UserService.swift in Sources */,
				AF897B942C3B03F400C9203F /* ThreadCell.swift in Sources */,
				AF897B872C3B020C00C9203F /* ActivityView.swift in Sources */,
				AF897BB82C3C4B9500C9203F /* LoginViewModel.swift in Sources */,
				AF897B972C3C2C3700C9203F /* CircularProfileImageView.swift in Sources */,
				AF897B9A2C3C2CCF00C9203F /* UserCell.swift in Sources */,
				AF897B852C3B01F600C9203F /* ThreadCreation.swift in Sources */,
				AF897B9D2C3C2F2700C9203F /* ProfileThreadFilter.swift in Sources */,
				AF897BB62C3C483A00C9203F /* ContentViewModel.swift in Sources */,
				AF897BBF2C3CEA5B00C9203F /* ProfileViewModel.swift in Sources */,
				AF897B7D2C3B000500C9203F /* ThreadsTabView.swift in Sources */,
				AF897B792C3AFE7700C9203F /* ThreadsTextFieldModifier.swift in Sources */,
				AF5B1B2B2C3AEF3700E5C4A5 /* ThreadsApp.swift in Sources */,
				AF897B832C3B01B200C9203F /* ExploreView.swift in Sources */,
				AF897B8A2C3B023100C9203F /* ProfileView.swift in Sources */,
				AF897B762C3AFD3900C9203F /* RegistrationView.swift in Sources */,
				AF897BBA2C3CE7A300C9203F /* User.swift in Sources */,
			);
			runOnlyForDeploymentPostprocessing = 0;
		};
/* End PBXSourcesBuildPhase section */

/* Begin XCBuildConfiguration section */
		AF5B1B332C3AEF3900E5C4A5 /* Debug */ = {
			isa = XCBuildConfiguration;
			buildSettings = {
				ALWAYS_SEARCH_USER_PATHS = NO;
				ASSETCATALOG_COMPILER_GENERATE_SWIFT_ASSET_SYMBOL_EXTENSIONS = YES;
				CLANG_ANALYZER_NONNULL = YES;
				CLANG_ANALYZER_NUMBER_OBJECT_CONVERSION = YES_AGGRESSIVE;
				CLANG_CXX_LANGUAGE_STANDARD = "gnu++20";
				CLANG_ENABLE_MODULES = YES;
				CLANG_ENABLE_OBJC_ARC = YES;
				CLANG_ENABLE_OBJC_WEAK = YES;
				CLANG_WARN_BLOCK_CAPTURE_AUTORELEASING = YES;
				CLANG_WARN_BOOL_CONVERSION = YES;
				CLANG_WARN_COMMA = YES;
				CLANG_WARN_CONSTANT_CONVERSION = YES;
				CLANG_WARN_DEPRECATED_OBJC_IMPLEMENTATIONS = YES;
				CLANG_WARN_DIRECT_OBJC_ISA_USAGE = YES_ERROR;
				CLANG_WARN_DOCUMENTATION_COMMENTS = YES;
				CLANG_WARN_EMPTY_BODY = YES;
				CLANG_WARN_ENUM_CONVERSION = YES;
				CLANG_WARN_INFINITE_RECURSION = YES;
				CLANG_WARN_INT_CONVERSION = YES;
				CLANG_WARN_NON_LITERAL_NULL_CONVERSION = YES;
				CLANG_WARN_OBJC_IMPLICIT_RETAIN_SELF = YES;
				CLANG_WARN_OBJC_LITERAL_CONVERSION = YES;
				CLANG_WARN_OBJC_ROOT_CLASS = YES_ERROR;
				CLANG_WARN_QUOTED_INCLUDE_IN_FRAMEWORK_HEADER = YES;
				CLANG_WARN_RANGE_LOOP_ANALYSIS = YES;
				CLANG_WARN_STRICT_PROTOTYPES = YES;
				CLANG_WARN_SUSPICIOUS_MOVE = YES;
				CLANG_WARN_UNGUARDED_AVAILABILITY = YES_AGGRESSIVE;
				CLANG_WARN_UNREACHABLE_CODE = YES;
				CLANG_WARN__DUPLICATE_METHOD_MATCH = YES;
				COPY_PHASE_STRIP = NO;
				DEBUG_INFORMATION_FORMAT = dwarf;
				ENABLE_STRICT_OBJC_MSGSEND = YES;
				ENABLE_TESTABILITY = YES;
				ENABLE_USER_SCRIPT_SANDBOXING = YES;
				GCC_C_LANGUAGE_STANDARD = gnu17;
				GCC_DYNAMIC_NO_PIC = NO;
				GCC_NO_COMMON_BLOCKS = YES;
				GCC_OPTIMIZATION_LEVEL = 0;
				GCC_PREPROCESSOR_DEFINITIONS = (
					"DEBUG=1",
					"$(inherited)",
				);
				GCC_WARN_64_TO_32_BIT_CONVERSION = YES;
				GCC_WARN_ABOUT_RETURN_TYPE = YES_ERROR;
				GCC_WARN_UNDECLARED_SELECTOR = YES;
				GCC_WARN_UNINITIALIZED_AUTOS = YES_AGGRESSIVE;
				GCC_WARN_UNUSED_FUNCTION = YES;
				GCC_WARN_UNUSED_VARIABLE = YES;
				IPHONEOS_DEPLOYMENT_TARGET = 17.5;
				LOCALIZATION_PREFERS_STRING_CATALOGS = YES;
				MTL_ENABLE_DEBUG_INFO = INCLUDE_SOURCE;
				MTL_FAST_MATH = YES;
				ONLY_ACTIVE_ARCH = YES;
				SDKROOT = iphoneos;
				SWIFT_ACTIVE_COMPILATION_CONDITIONS = "DEBUG $(inherited)";
				SWIFT_OPTIMIZATION_LEVEL = "-Onone";
			};
			name = Debug;
		};
		AF5B1B342C3AEF3900E5C4A5 /* Release */ = {
			isa = XCBuildConfiguration;
			buildSettings = {
				ALWAYS_SEARCH_USER_PATHS = NO;
				ASSETCATALOG_COMPILER_GENERATE_SWIFT_ASSET_SYMBOL_EXTENSIONS = YES;
				CLANG_ANALYZER_NONNULL = YES;
				CLANG_ANALYZER_NUMBER_OBJECT_CONVERSION = YES_AGGRESSIVE;
				CLANG_CXX_LANGUAGE_STANDARD = "gnu++20";
				CLANG_ENABLE_MODULES = YES;
				CLANG_ENABLE_OBJC_ARC = YES;
				CLANG_ENABLE_OBJC_WEAK = YES;
				CLANG_WARN_BLOCK_CAPTURE_AUTORELEASING = YES;
				CLANG_WARN_BOOL_CONVERSION = YES;
				CLANG_WARN_COMMA = YES;
				CLANG_WARN_CONSTANT_CONVERSION = YES;
				CLANG_WARN_DEPRECATED_OBJC_IMPLEMENTATIONS = YES;
				CLANG_WARN_DIRECT_OBJC_ISA_USAGE = YES_ERROR;
				CLANG_WARN_DOCUMENTATION_COMMENTS = YES;
				CLANG_WARN_EMPTY_BODY = YES;
				CLANG_WARN_ENUM_CONVERSION = YES;
				CLANG_WARN_INFINITE_RECURSION = YES;
				CLANG_WARN_INT_CONVERSION = YES;
				CLANG_WARN_NON_LITERAL_NULL_CONVERSION = YES;
				CLANG_WARN_OBJC_IMPLICIT_RETAIN_SELF = YES;
				CLANG_WARN_OBJC_LITERAL_CONVERSION = YES;
				CLANG_WARN_OBJC_ROOT_CLASS = YES_ERROR;
				CLANG_WARN_QUOTED_INCLUDE_IN_FRAMEWORK_HEADER = YES;
				CLANG_WARN_RANGE_LOOP_ANALYSIS = YES;
				CLANG_WARN_STRICT_PROTOTYPES = YES;
				CLANG_WARN_SUSPICIOUS_MOVE = YES;
				CLANG_WARN_UNGUARDED_AVAILABILITY = YES_AGGRESSIVE;
				CLANG_WARN_UNREACHABLE_CODE = YES;
				CLANG_WARN__DUPLICATE_METHOD_MATCH = YES;
				COPY_PHASE_STRIP = NO;
				DEBUG_INFORMATION_FORMAT = "dwarf-with-dsym";
				ENABLE_NS_ASSERTIONS = NO;
				ENABLE_STRICT_OBJC_MSGSEND = YES;
				ENABLE_USER_SCRIPT_SANDBOXING = YES;
				GCC_C_LANGUAGE_STANDARD = gnu17;
				GCC_NO_COMMON_BLOCKS = YES;
				GCC_WARN_64_TO_32_BIT_CONVERSION = YES;
				GCC_WARN_ABOUT_RETURN_TYPE = YES_ERROR;
				GCC_WARN_UNDECLARED_SELECTOR = YES;
				GCC_WARN_UNINITIALIZED_AUTOS = YES_AGGRESSIVE;
				GCC_WARN_UNUSED_FUNCTION = YES;
				GCC_WARN_UNUSED_VARIABLE = YES;
				IPHONEOS_DEPLOYMENT_TARGET = 17.5;
				LOCALIZATION_PREFERS_STRING_CATALOGS = YES;
				MTL_ENABLE_DEBUG_INFO = NO;
				MTL_FAST_MATH = YES;
				SDKROOT = iphoneos;
				SWIFT_COMPILATION_MODE = wholemodule;
				VALIDATE_PRODUCT = YES;
			};
			name = Release;
		};
		AF5B1B362C3AEF3900E5C4A5 /* Debug */ = {
			isa = XCBuildConfiguration;
			buildSettings = {
				ASSETCATALOG_COMPILER_APPICON_NAME = AppIcon;
				ASSETCATALOG_COMPILER_GLOBAL_ACCENT_COLOR_NAME = AccentColor;
				CODE_SIGN_STYLE = Automatic;
				CURRENT_PROJECT_VERSION = 1;
				DEVELOPMENT_ASSET_PATHS = "\"Threads/Preview Content\"";
				DEVELOPMENT_TEAM = 6736LJQ283;
				ENABLE_PREVIEWS = YES;
				GENERATE_INFOPLIST_FILE = YES;
				INFOPLIST_KEY_UIApplicationSceneManifest_Generation = YES;
				INFOPLIST_KEY_UIApplicationSupportsIndirectInputEvents = YES;
				INFOPLIST_KEY_UILaunchScreen_Generation = YES;
				INFOPLIST_KEY_UISupportedInterfaceOrientations_iPad = "UIInterfaceOrientationPortrait UIInterfaceOrientationPortraitUpsideDown UIInterfaceOrientationLandscapeLeft UIInterfaceOrientationLandscapeRight";
				INFOPLIST_KEY_UISupportedInterfaceOrientations_iPhone = "UIInterfaceOrientationPortrait UIInterfaceOrientationLandscapeLeft UIInterfaceOrientationLandscapeRight";
				LD_RUNPATH_SEARCH_PATHS = (
					"$(inherited)",
					"@executable_path/Frameworks",
				);
				MARKETING_VERSION = 1.0;
				PRODUCT_BUNDLE_IDENTIFIER = org.1a06e366a2d91fdb.Threads;
				PRODUCT_NAME = "$(TARGET_NAME)";
				SWIFT_EMIT_LOC_STRINGS = YES;
				SWIFT_VERSION = 5.0;
				TARGETED_DEVICE_FAMILY = "1,2";
			};
			name = Debug;
		};
		AF5B1B372C3AEF3900E5C4A5 /* Release */ = {
			isa = XCBuildConfiguration;
			buildSettings = {
				ASSETCATALOG_COMPILER_APPICON_NAME = AppIcon;
				ASSETCATALOG_COMPILER_GLOBAL_ACCENT_COLOR_NAME = AccentColor;
				CODE_SIGN_STYLE = Automatic;
				CURRENT_PROJECT_VERSION = 1;
				DEVELOPMENT_ASSET_PATHS = "\"Threads/Preview Content\"";
				DEVELOPMENT_TEAM = 6736LJQ283;
				ENABLE_PREVIEWS = YES;
				GENERATE_INFOPLIST_FILE = YES;
				INFOPLIST_KEY_UIApplicationSceneManifest_Generation = YES;
				INFOPLIST_KEY_UIApplicationSupportsIndirectInputEvents = YES;
				INFOPLIST_KEY_UILaunchScreen_Generation = YES;
				INFOPLIST_KEY_UISupportedInterfaceOrientations_iPad = "UIInterfaceOrientationPortrait UIInterfaceOrientationPortraitUpsideDown UIInterfaceOrientationLandscapeLeft UIInterfaceOrientationLandscapeRight";
				INFOPLIST_KEY_UISupportedInterfaceOrientations_iPhone = "UIInterfaceOrientationPortrait UIInterfaceOrientationLandscapeLeft UIInterfaceOrientationLandscapeRight";
				LD_RUNPATH_SEARCH_PATHS = (
					"$(inherited)",
					"@executable_path/Frameworks",
				);
				MARKETING_VERSION = 1.0;
				PRODUCT_BUNDLE_IDENTIFIER = org.1a06e366a2d91fdb.Threads;
				PRODUCT_NAME = "$(TARGET_NAME)";
				SWIFT_EMIT_LOC_STRINGS = YES;
				SWIFT_VERSION = 5.0;
				TARGETED_DEVICE_FAMILY = "1,2";
			};
			name = Release;
		};
/* End XCBuildConfiguration section */

/* Begin XCConfigurationList section */
		AF5B1B222C3AEF3700E5C4A5 /* Build configuration list for PBXProject "Threads" */ = {
			isa = XCConfigurationList;
			buildConfigurations = (
				AF5B1B332C3AEF3900E5C4A5 /* Debug */,
				AF5B1B342C3AEF3900E5C4A5 /* Release */,
			);
			defaultConfigurationIsVisible = 0;
			defaultConfigurationName = Release;
		};
		AF5B1B352C3AEF3900E5C4A5 /* Build configuration list for PBXNativeTarget "Threads" */ = {
			isa = XCConfigurationList;
			buildConfigurations = (
				AF5B1B362C3AEF3900E5C4A5 /* Debug */,
				AF5B1B372C3AEF3900E5C4A5 /* Release */,
			);
			defaultConfigurationIsVisible = 0;
			defaultConfigurationName = Release;
		};
/* End XCConfigurationList section */

/* Begin XCRemoteSwiftPackageReference section */
		AF897BA42C3C3F3100C9203F /* XCRemoteSwiftPackageReference "firebase-ios-sdk" */ = {
			isa = XCRemoteSwiftPackageReference;
			repositoryURL = "https://github.com/firebase/firebase-ios-sdk";
			requirement = {
				kind = upToNextMajorVersion;
				minimumVersion = 10.28.1;
			};
		};
/* End XCRemoteSwiftPackageReference section */

/* Begin XCSwiftPackageProductDependency section */
		AF897BA52C3C3F3100C9203F /* FirebaseAuth */ = {
			isa = XCSwiftPackageProductDependency;
			package = AF897BA42C3C3F3100C9203F /* XCRemoteSwiftPackageReference "firebase-ios-sdk" */;
			productName = FirebaseAuth;
		};
		AF897BA72C3C3F3100C9203F /* FirebaseFirestore */ = {
			isa = XCSwiftPackageProductDependency;
			package = AF897BA42C3C3F3100C9203F /* XCRemoteSwiftPackageReference "firebase-ios-sdk" */;
			productName = FirebaseFirestore;
		};
		AF897BA92C3C3F3100C9203F /* FirebaseFirestoreSwift */ = {
			isa = XCSwiftPackageProductDependency;
			package = AF897BA42C3C3F3100C9203F /* XCRemoteSwiftPackageReference "firebase-ios-sdk" */;
			productName = FirebaseFirestoreSwift;
		};
		AF897BAB2C3C3F3100C9203F /* FirebaseStorage */ = {
			isa = XCSwiftPackageProductDependency;
			package = AF897BA42C3C3F3100C9203F /* XCRemoteSwiftPackageReference "firebase-ios-sdk" */;
			productName = FirebaseStorage;
		};
/* End XCSwiftPackageProductDependency section */
	};
	rootObject = AF5B1B1F2C3AEF3700E5C4A5 /* Project object */;
}
